# This file is automatically @generated by Poetry 2.2.1 and should not be changed by hand.

[[package]]
name = "kafka-python-ng"
version = "2.2.3"
description = "Pure Python client for Apache Kafka"
optional = false
python-versions = ">=3.8"
groups = ["main"]
files = [
    {file = "kafka_python_ng-2.2.3-py2.py3-none-any.whl", hash = "sha256:adc6e82147c441ca4ae1f22e291fc08efab0d10971cbd4aa1481d2ffa38e9480"},
    {file = "kafka_python_ng-2.2.3.tar.gz", hash = "sha256:f79f28e10ade9b5a9860b2ec15b7cc8dc510d5702f5a399430478cff5f93a05a"},
]

[package.extras]
boto = ["botocore"]
crc32c = ["crc32c"]
lz4 = ["lz4"]
snappy = ["python-snappy"]
zstd = ["zstandard"]

[metadata]
lock-version = "2.1"
python-versions = "^3.11"
content-hash = "53d36cdd65b44222820bd6677ab390e419c1dd4188755eb263d34220eb5eeb5f"
